
Microsoft Visual Studio Solution File, Format Version 12.00
# Visual Studio 15
VisualStudioVersion = 15.0.28307.489
MinimumVisualStudioVersion = 10.0.40219.1
Project("{9A19103F-16F7-4668-BE54-9A1E7A4F7556}") = "Api", "Api\Api.csproj", "{0C9716A8-DEEA-43A7-B092-40DE64ABBB2B}"
	ProjectSection(ProjectDependencies) = postProject
		{868ACF18-075F-4BE0-9B5F-D204E985C2E3} = {868ACF18-075F-4BE0-9B5F-D204E985C2E3}
		{F15C574D-B22D-453F-875B-F2C4D997AF53} = {F15C574D-B22D-453F-875B-F2C4D997AF53}
		{6106AE9B-A0F9-49E1-B002-F955E9B019EA} = {6106AE9B-A0F9-49E1-B002-F955E9B019EA}
		{2A6890A8-936F-4A0E-B8B7-DE2DD1012B27} = {2A6890A8-936F-4A0E-B8B7-DE2DD1012B27}
	EndProjectSection
EndProject
Project("{9A19103F-16F7-4668-BE54-9A1E7A4F7556}") = "Dominio", "Dominio\Dominio.csproj", "{868ACF18-075F-4BE0-9B5F-D204E985C2E3}"
EndProject
Project("{9A19103F-16F7-4668-BE54-9A1E7A4F7556}") = "Repositorio", "Repositorio\Repositorio.csproj", "{F15C574D-B22D-453F-875B-F2C4D997AF53}"
	ProjectSection(ProjectDependencies) = postProject
		{2A6890A8-936F-4A0E-B8B7-DE2DD1012B27} = {2A6890A8-936F-4A0E-B8B7-DE2DD1012B27}
	EndProjectSection
EndProject
Project("{9A19103F-16F7-4668-BE54-9A1E7A4F7556}") = "Servico", "Servico\Servico.csproj", "{6106AE9B-A0F9-49E1-B002-F955E9B019EA}"
EndProject
Project("{9A19103F-16F7-4668-BE54-9A1E7A4F7556}") = "Comunicacao", "Comunicacao\Comunicacao.csproj", "{2A6890A8-936F-4A0E-B8B7-DE2DD1012B27}"
EndProject
Global
	GlobalSection(SolutionConfigurationPlatforms) = preSolution
		Debug|Any CPU = Debug|Any CPU
		Release|Any CPU = Release|Any CPU
	EndGlobalSection
	GlobalSection(ProjectConfigurationPlatforms) = postSolution
		{0C9716A8-DEEA-43A7-B092-40DE64ABBB2B}.Debug|Any CPU.ActiveCfg = Debug|Any CPU
		{0C9716A8-DEEA-43A7-B092-40DE64ABBB2B}.Debug|Any CPU.Build.0 = Debug|Any CPU
		{0C9716A8-DEEA-43A7-B092-40DE64ABBB2B}.Release|Any CPU.ActiveCfg = Release|Any CPU
		{0C9716A8-DEEA-43A7-B092-40DE64ABBB2B}.Release|Any CPU.Build.0 = Release|Any CPU
		{868ACF18-075F-4BE0-9B5F-D204E985C2E3}.Debug|Any CPU.ActiveCfg = Debug|Any CPU
		{868ACF18-075F-4BE0-9B5F-D204E985C2E3}.Debug|Any CPU.Build.0 = Debug|Any CPU
		{868ACF18-075F-4BE0-9B5F-D204E985C2E3}.Release|Any CPU.ActiveCfg = Release|Any CPU
		{868ACF18-075F-4BE0-9B5F-D204E985C2E3}.Release|Any CPU.Build.0 = Release|Any CPU
		{F15C574D-B22D-453F-875B-F2C4D997AF53}.Debug|Any CPU.ActiveCfg = Debug|Any CPU
		{F15C574D-B22D-453F-875B-F2C4D997AF53}.Debug|Any CPU.Build.0 = Debug|Any CPU
		{F15C574D-B22D-453F-875B-F2C4D997AF53}.Release|Any CPU.ActiveCfg = Release|Any CPU
		{F15C574D-B22D-453F-875B-F2C4D997AF53}.Release|Any CPU.Build.0 = Release|Any CPU
		{6106AE9B-A0F9-49E1-B002-F955E9B019EA}.Debug|Any CPU.ActiveCfg = Debug|Any CPU
		{6106AE9B-A0F9-49E1-B002-F955E9B019EA}.Debug|Any CPU.Build.0 = Debug|Any CPU
		{6106AE9B-A0F9-49E1-B002-F955E9B019EA}.Release|Any CPU.ActiveCfg = Release|Any CPU
		{6106AE9B-A0F9-49E1-B002-F955E9B019EA}.Release|Any CPU.Build.0 = Release|Any CPU
		{2A6890A8-936F-4A0E-B8B7-DE2DD1012B27}.Debug|Any CPU.ActiveCfg = Debug|Any CPU
		{2A6890A8-936F-4A0E-B8B7-DE2DD1012B27}.Debug|Any CPU.Build.0 = Debug|Any CPU
		{2A6890A8-936F-4A0E-B8B7-DE2DD1012B27}.Release|Any CPU.ActiveCfg = Release|Any CPU
		{2A6890A8-936F-4A0E-B8B7-DE2DD1012B27}.Release|Any CPU.Build.0 = Release|Any CPU
	EndGlobalSection
	GlobalSection(SolutionProperties) = preSolution
		HideSolutionNode = FALSE
	EndGlobalSection
	GlobalSection(ExtensibilityGlobals) = postSolution
		SolutionGuid = {330CBD19-40EB-451E-9009-3C4502A01481}
	EndGlobalSection
EndGlobal
