
Microsoft Visual Studio Solution File, Format Version 12.00
# Visual Studio 15
VisualStudioVersion = 15.0.28307.489
MinimumVisualStudioVersion = 10.0.40219.1
Project("{FAE04EC0-301F-11D3-BF4B-00C04F79EFBC}") = "NomeAPI", "NomeAPI\NomeAPI.csproj", "{0C9716A8-DEEA-43A7-B092-40DE64ABBB2B}"
EndProject
Project("{FAE04EC0-301F-11D3-BF4B-00C04F79EFBC}") = "Dominio", "Dominio\Dominio.csproj", "{868ACF18-075F-4BE0-9B5F-D204E985C2E3}"
EndProject
Project("{FAE04EC0-301F-11D3-BF4B-00C04F79EFBC}") = "Repositorio", "Repositorio\Repositorio.csproj", "{F15C574D-B22D-453F-875B-F2C4D997AF53}"
EndProject
Project("{FAE04EC0-301F-11D3-BF4B-00C04F79EFBC}") = "Servico", "Servico\Servico.csproj", "{6106AE9B-A0F9-49E1-B002-F955E9B019EA}"
EndProject
Global
	GlobalSection(SolutionConfigurationPlatforms) = preSolution
		Debug|Any CPU = Debug|Any CPU
		Release|Any CPU = Release|Any CPU
	EndGlobalSection
	GlobalSection(ProjectConfigurationPlatforms) = postSolution
		{0C9716A8-DEEA-43A7-B092-40DE64ABBB2B}.Debug|Any CPU.ActiveCfg = Debug|Any CPU
		{0C9716A8-DEEA-43A7-B092-40DE64ABBB2B}.Debug|Any CPU.Build.0 = Debug|Any CPU
		{0C9716A8-DEEA-43A7-B092-40DE64ABBB2B}.Release|Any CPU.ActiveCfg = Release|Any CPU
		{0C9716A8-DEEA-43A7-B092-40DE64ABBB2B}.Release|Any CPU.Build.0 = Release|Any CPU
		{868ACF18-075F-4BE0-9B5F-D204E985C2E3}.Debug|Any CPU.ActiveCfg = Debug|Any CPU
		{868ACF18-075F-4BE0-9B5F-D204E985C2E3}.Debug|Any CPU.Build.0 = Debug|Any CPU
		{868ACF18-075F-4BE0-9B5F-D204E985C2E3}.Release|Any CPU.ActiveCfg = Release|Any CPU
		{868ACF18-075F-4BE0-9B5F-D204E985C2E3}.Release|Any CPU.Build.0 = Release|Any CPU
		{F15C574D-B22D-453F-875B-F2C4D997AF53}.Debug|Any CPU.ActiveCfg = Debug|Any CPU
		{F15C574D-B22D-453F-875B-F2C4D997AF53}.Debug|Any CPU.Build.0 = Debug|Any CPU
		{F15C574D-B22D-453F-875B-F2C4D997AF53}.Release|Any CPU.ActiveCfg = Release|Any CPU
		{F15C574D-B22D-453F-875B-F2C4D997AF53}.Release|Any CPU.Build.0 = Release|Any CPU
		{6106AE9B-A0F9-49E1-B002-F955E9B019EA}.Debug|Any CPU.ActiveCfg = Debug|Any CPU
		{6106AE9B-A0F9-49E1-B002-F955E9B019EA}.Debug|Any CPU.Build.0 = Debug|Any CPU
		{6106AE9B-A0F9-49E1-B002-F955E9B019EA}.Release|Any CPU.ActiveCfg = Release|Any CPU
		{6106AE9B-A0F9-49E1-B002-F955E9B019EA}.Release|Any CPU.Build.0 = Release|Any CPU
	EndGlobalSection
	GlobalSection(SolutionProperties) = preSolution
		HideSolutionNode = FALSE
	EndGlobalSection
	GlobalSection(ExtensibilityGlobals) = postSolution
		SolutionGuid = {330CBD19-40EB-451E-9009-3C4502A01481}
	EndGlobalSection
EndGlobal
